
Microsoft Visual Studio Solution File, Format Version 12.00
# Visual Studio Version 17
VisualStudioVersion = 17.5.33530.505
MinimumVisualStudioVersion = 10.0.40219.1
Project("{FAE04EC0-301F-11D3-BF4B-00C04F79EFBC}") = "SpecFlowProject2", "SpecFlowProject2\SpecFlowProject2.csproj", "{688A55AF-BCCD-4309-AC0E-D818EA70DF94}"
EndProject
Global
	GlobalSection(SolutionConfigurationPlatforms) = preSolution
		Debug|Any CPU = Debug|Any CPU
		Release|Any CPU = Release|Any CPU
	EndGlobalSection
	GlobalSection(ProjectConfigurationPlatforms) = postSolution
		{688A55AF-BCCD-4309-AC0E-D818EA70DF94}.Debug|Any CPU.ActiveCfg = Debug|Any CPU
		{688A55AF-BCCD-4309-AC0E-D818EA70DF94}.Debug|Any CPU.Build.0 = Debug|Any CPU
		{688A55AF-BCCD-4309-AC0E-D818EA70DF94}.Release|Any CPU.ActiveCfg = Release|Any CPU
		{688A55AF-BCCD-4309-AC0E-D818EA70DF94}.Release|Any CPU.Build.0 = Release|Any CPU
	EndGlobalSection
	GlobalSection(SolutionProperties) = preSolution
		HideSolutionNode = FALSE
	EndGlobalSection
	GlobalSection(ExtensibilityGlobals) = postSolution
		SolutionGuid = {42D1A5EC-CBD5-4220-A7EC-A09AAAEB37AD}
	EndGlobalSection
EndGlobal
